
Microsoft Visual Studio Solution File, Format Version 12.00
# Visual Studio Version 17
VisualStudioVersion = 17.0.32014.148
MinimumVisualStudioVersion = 10.0.40219.1
Project("{9A19103F-16F7-4668-BE54-9A1E7A4F7556}") = "LB5", "LB5.csproj", "{DBE936B2-574D-455F-BFB3-740814A77D41}"
EndProject
Global
	GlobalSection(SolutionConfigurationPlatforms) = preSolution
		Debug|Any CPU = Debug|Any CPU
		Release|Any CPU = Release|Any CPU
	EndGlobalSection
	GlobalSection(ProjectConfigurationPlatforms) = postSolution
		{DBE936B2-574D-455F-BFB3-740814A77D41}.Debug|Any CPU.ActiveCfg = Debug|Any CPU
		{DBE936B2-574D-455F-BFB3-740814A77D41}.Debug|Any CPU.Build.0 = Debug|Any CPU
		{DBE936B2-574D-455F-BFB3-740814A77D41}.Release|Any CPU.ActiveCfg = Release|Any CPU
		{DBE936B2-574D-455F-BFB3-740814A77D41}.Release|Any CPU.Build.0 = Release|Any CPU
	EndGlobalSection
	GlobalSection(SolutionProperties) = preSolution
		HideSolutionNode = FALSE
	EndGlobalSection
	GlobalSection(ExtensibilityGlobals) = postSolution
		SolutionGuid = {5A0E7836-B4A8-443D-B27B-485187470F98}
	EndGlobalSection
EndGlobal
